
Microsoft Visual Studio Solution File, Format Version 12.00
# Visual Studio Version 17
VisualStudioVersion = 17.4.33213.308
MinimumVisualStudioVersion = 10.0.40219.1
Project("{FAE04EC0-301F-11D3-BF4B-00C04F79EFBC}") = "CalculadoraSemanas", "CalculadoraSemanas\CalculadoraSemanas.csproj", "{796BD285-3FE8-4635-B64A-3074A5A1BB73}"
EndProject
Global
	GlobalSection(SolutionConfigurationPlatforms) = preSolution
		Debug|Any CPU = Debug|Any CPU
		Release|Any CPU = Release|Any CPU
	EndGlobalSection
	GlobalSection(ProjectConfigurationPlatforms) = postSolution
		{796BD285-3FE8-4635-B64A-3074A5A1BB73}.Debug|Any CPU.ActiveCfg = Debug|Any CPU
		{796BD285-3FE8-4635-B64A-3074A5A1BB73}.Debug|Any CPU.Build.0 = Debug|Any CPU
		{796BD285-3FE8-4635-B64A-3074A5A1BB73}.Release|Any CPU.ActiveCfg = Release|Any CPU
		{796BD285-3FE8-4635-B64A-3074A5A1BB73}.Release|Any CPU.Build.0 = Release|Any CPU
	EndGlobalSection
	GlobalSection(SolutionProperties) = preSolution
		HideSolutionNode = FALSE
	EndGlobalSection
	GlobalSection(ExtensibilityGlobals) = postSolution
		SolutionGuid = {7A1F6C41-0CCD-4E58-8C2A-B204CC22B9BB}
	EndGlobalSection
EndGlobal
